
Microsoft Visual Studio Solution File, Format Version 12.00
# Visual Studio Version 17
VisualStudioVersion = 17.2.32630.192
MinimumVisualStudioVersion = 10.0.40219.1
Project("{FAE04EC0-301F-11D3-BF4B-00C04F79EFBC}") = "AbbyWeb", "AbbyWeb\AbbyWeb.csproj", "{9908ADCA-67C4-4046-A0AC-892C3DAF891B}"
EndProject
Global
	GlobalSection(SolutionConfigurationPlatforms) = preSolution
		Debug|Any CPU = Debug|Any CPU
		Release|Any CPU = Release|Any CPU
	EndGlobalSection
	GlobalSection(ProjectConfigurationPlatforms) = postSolution
		{9908ADCA-67C4-4046-A0AC-892C3DAF891B}.Debug|Any CPU.ActiveCfg = Debug|Any CPU
		{9908ADCA-67C4-4046-A0AC-892C3DAF891B}.Debug|Any CPU.Build.0 = Debug|Any CPU
		{9908ADCA-67C4-4046-A0AC-892C3DAF891B}.Release|Any CPU.ActiveCfg = Release|Any CPU
		{9908ADCA-67C4-4046-A0AC-892C3DAF891B}.Release|Any CPU.Build.0 = Release|Any CPU
	EndGlobalSection
	GlobalSection(SolutionProperties) = preSolution
		HideSolutionNode = FALSE
	EndGlobalSection
	GlobalSection(ExtensibilityGlobals) = postSolution
		SolutionGuid = {FD3BE5C8-CC04-45EF-8161-513FF8F05D03}
	EndGlobalSection
EndGlobal
